
Microsoft Visual Studio Solution File, Format Version 12.00
# Visual Studio Version 17
VisualStudioVersion = 17.6.33712.159
MinimumVisualStudioVersion = 10.0.40219.1
Project("{9A19103F-16F7-4668-BE54-9A1E7A4F7556}") = "Courrier", "Courrier\Courrier.csproj", "{E79C4B9B-150C-4C56-B309-43BEEDD609ED}"
EndProject
Global
	GlobalSection(SolutionConfigurationPlatforms) = preSolution
		Debug|Any CPU = Debug|Any CPU
		Release|Any CPU = Release|Any CPU
	EndGlobalSection
	GlobalSection(ProjectConfigurationPlatforms) = postSolution
		{E79C4B9B-150C-4C56-B309-43BEEDD609ED}.Debug|Any CPU.ActiveCfg = Debug|Any CPU
		{E79C4B9B-150C-4C56-B309-43BEEDD609ED}.Debug|Any CPU.Build.0 = Debug|Any CPU
		{E79C4B9B-150C-4C56-B309-43BEEDD609ED}.Release|Any CPU.ActiveCfg = Release|Any CPU
		{E79C4B9B-150C-4C56-B309-43BEEDD609ED}.Release|Any CPU.Build.0 = Release|Any CPU
	EndGlobalSection
	GlobalSection(SolutionProperties) = preSolution
		HideSolutionNode = FALSE
	EndGlobalSection
	GlobalSection(ExtensibilityGlobals) = postSolution
		SolutionGuid = {7DB342A8-87AD-4B4D-A56A-38441CCD3E76}
	EndGlobalSection
EndGlobal
